
Microsoft Visual Studio Solution File, Format Version 12.00
# Visual Studio Version 16
VisualStudioVersion = 16.0.30517.126
MinimumVisualStudioVersion = 10.0.40219.1
Project("{FAE04EC0-301F-11D3-BF4B-00C04F79EFBC}") = "Outfitters", "Outfitters.csproj", "{F2BC9569-5C76-4BDD-A9CF-0639FB682897}"
EndProject
Global
	GlobalSection(SolutionConfigurationPlatforms) = preSolution
		Debug|Any CPU = Debug|Any CPU
		Release|Any CPU = Release|Any CPU
	EndGlobalSection
	GlobalSection(ProjectConfigurationPlatforms) = postSolution
		{F2BC9569-5C76-4BDD-A9CF-0639FB682897}.Debug|Any CPU.ActiveCfg = Debug|Any CPU
		{F2BC9569-5C76-4BDD-A9CF-0639FB682897}.Debug|Any CPU.Build.0 = Debug|Any CPU
		{F2BC9569-5C76-4BDD-A9CF-0639FB682897}.Release|Any CPU.ActiveCfg = Release|Any CPU
		{F2BC9569-5C76-4BDD-A9CF-0639FB682897}.Release|Any CPU.Build.0 = Release|Any CPU
	EndGlobalSection
	GlobalSection(SolutionProperties) = preSolution
		HideSolutionNode = FALSE
	EndGlobalSection
	GlobalSection(ExtensibilityGlobals) = postSolution
		SolutionGuid = {E72998DD-65A1-4F92-BB2C-C933132D7E90}
	EndGlobalSection
EndGlobal
